{
  "name": "chatbot-project",
  "version": "1.0.0",
  "lockfileVersion": 2,
  "requires": true,
  "packages": {
    "": {
      "name": "chatbot-project",
      "version": "1.0.0",
      "license": "ISC",
      "dependencies": {
        "@sentry/react": "^7.58.1",
        "@sentry/tracing": "^7.58.1"
      }
    },
    "node_modules/@sentry-internal/tracing": {
      "version": "7.59.3",
      "resolved": "https://registry.npmjs.org/@sentry-internal/tracing/-/tracing-7.59.3.tgz",
      "integrity": "sha512-/RkBj/0zQKGsW/UYg6hufrLHHguncLfu4610FCPWpVp0K5Yu5ou8/Aw8D76G3ZxD2TiuSNGwX0o7TYN371ZqTQ==",
      "dependencies": {
        "@sentry/core": "7.59.3",
        "@sentry/types": "7.59.3",
        "@sentry/utils": "7.59.3",
        "tslib": "^2.4.1 || ^1.9.3"
      },
      "engines": {
        "node": ">=8"
      }
    },
    "node_modules/@sentry/browser": {
      "version": "7.59.3",
      "resolved": "https://registry.npmjs.org/@sentry/browser/-/browser-7.59.3.tgz",
      "integrity": "sha512-rTsePz1zEhiouX24TqjzYdY8PsBNU2EGUSHK9jCKml5i/eKTqQabnwdxHgIC4/wcs1nGOabRg/Iel6l4y4mCjA==",
      "dependencies": {
        "@sentry-internal/tracing": "7.59.3",
        "@sentry/core": "7.59.3",
        "@sentry/replay": "7.59.3",
        "@sentry/types": "7.59.3",
        "@sentry/utils": "7.59.3",
        "tslib": "^2.4.1 || ^1.9.3"
      },
      "engines": {
        "node": ">=8"
      }
    },
    "node_modules/@sentry/core": {
      "version": "7.59.3",
      "resolved": "https://registry.npmjs.org/@sentry/core/-/core-7.59.3.tgz",
      "integrity": "sha512-cGBOwT9gziIn50fnlBH1WGQlGcHi7wrbvOCyrex4MxKnn1LSBYWBhwU0ymj8DI/9MyPrGDNGkrgpV0WJWBSClg==",
      "dependencies": {
        "@sentry/types": "7.59.3",
        "@sentry/utils": "7.59.3",
        "tslib": "^2.4.1 || ^1.9.3"
      },
      "engines": {
        "node": ">=8"
      }
    },
    "node_modules/@sentry/react": {
      "version": "7.59.3",
      "resolved": "https://registry.npmjs.org/@sentry/react/-/react-7.59.3.tgz",
      "integrity": "sha512-2TmJ/su8NBQad4PpyJoJ8Er6bzc1jgzgwKSYpI5xHNT6FOFxI4cGIbfrYNqXBjPTvFHwC8WFyN+XZ0K42GFgqQ==",
      "dependencies": {
        "@sentry/browser": "7.59.3",
        "@sentry/types": "7.59.3",
        "@sentry/utils": "7.59.3",
        "hoist-non-react-statics": "^3.3.2",
        "tslib": "^2.4.1 || ^1.9.3"
      },
      "engines": {
        "node": ">=8"
      },
      "peerDependencies": {
        "react": "15.x || 16.x || 17.x || 18.x"
      }
    },
    "node_modules/@sentry/replay": {
      "version": "7.59.3",
      "resolved": "https://registry.npmjs.org/@sentry/replay/-/replay-7.59.3.tgz",
      "integrity": "sha512-o0Z9XD46ua4kex8P2zcahNLARm+joLU6e8bTwjdmfsLS/A2yH1RhJ/VlcAEpPR2IzSYLXz3ApJ/XiqLPTNSu1w==",
      "dependencies": {
        "@sentry/core": "7.59.3",
        "@sentry/types": "7.59.3",
        "@sentry/utils": "7.59.3"
      },
      "engines": {
        "node": ">=12"
      }
    },
    "node_modules/@sentry/tracing": {
      "version": "7.59.3",
      "resolved": "https://registry.npmjs.org/@sentry/tracing/-/tracing-7.59.3.tgz",
      "integrity": "sha512-+gDsfhYdteAR4NyKl3B5JVQs/bXYT73ajoFrlprfDjAJCEVR9W1P4CULavoLtfASxVqBQcZyT87Hsb9/vbn6bg==",
      "dependencies": {
        "@sentry-internal/tracing": "7.59.3"
      },
      "engines": {
        "node": ">=8"
      }
    },
    "node_modules/@sentry/types": {
      "version": "7.59.3",
      "resolved": "https://registry.npmjs.org/@sentry/types/-/types-7.59.3.tgz",
      "integrity": "sha512-HQ/Pd3YHyIa4HM0bGfOsfI4ZF+sLVs6II9VtlS4hsVporm4ETl3Obld5HywO3aVYvWOk5j/bpAW9JYsxXjRG5A==",
      "engines": {
        "node": ">=8"
      }
    },
    "node_modules/@sentry/utils": {
      "version": "7.59.3",
      "resolved": "https://registry.npmjs.org/@sentry/utils/-/utils-7.59.3.tgz",
      "integrity": "sha512-Q57xauMKuzd6S+POA1fmulfjzTsb/z118TNAfZZNkHqVB48hHBqgzdhbEBmN4jPCSKV2Cx7VJUoDZxJfzQyLUQ==",
      "dependencies": {
        "@sentry/types": "7.59.3",
        "tslib": "^2.4.1 || ^1.9.3"
      },
      "engines": {
        "node": ">=8"
      }
    },
    "node_modules/hoist-non-react-statics": {
      "version": "3.3.2",
      "resolved": "https://registry.npmjs.org/hoist-non-react-statics/-/hoist-non-react-statics-3.3.2.tgz",
      "integrity": "sha512-/gGivxi8JPKWNm/W0jSmzcMPpfpPLc3dY/6GxhX2hQ9iGj3aDfklV4ET7NjKpSinLpJ5vafa9iiGIEZg10SfBw==",
      "dependencies": {
        "react-is": "^16.7.0"
      }
    },
    "node_modules/js-tokens": {
      "version": "4.0.0",
      "resolved": "https://registry.npmjs.org/js-tokens/-/js-tokens-4.0.0.tgz",
      "integrity": "sha512-RdJUflcE3cUzKiMqQgsCu06FPu9UdIJO0beYbPhHN4k6apgJtifcoCtT9bcxOpYBtpD2kCM6Sbzg4CausW/PKQ==",
      "peer": true
    },
    "node_modules/loose-envify": {
      "version": "1.4.0",
      "resolved": "https://registry.npmjs.org/loose-envify/-/loose-envify-1.4.0.tgz",
      "integrity": "sha512-lyuxPGr/Wfhrlem2CL/UcnUc1zcqKAImBDzukY7Y5F/yQiNdko6+fRLevlw1HgMySw7f611UIY408EtxRSoK3Q==",
      "peer": true,
      "dependencies": {
        "js-tokens": "^3.0.0 || ^4.0.0"
      },
      "bin": {
        "loose-envify": "cli.js"
      }
    },
    "node_modules/react": {
      "version": "18.2.0",
      "resolved": "https://registry.npmjs.org/react/-/react-18.2.0.tgz",
      "integrity": "sha512-/3IjMdb2L9QbBdWiW5e3P2/npwMBaU9mHCSCUzNln0ZCYbcfTsGbTJrU/kGemdH2IWmB2ioZ+zkxtmq6g09fGQ==",
      "peer": true,
      "dependencies": {
        "loose-envify": "^1.1.0"
      },
      "engines": {
        "node": ">=0.10.0"
      }
    },
    "node_modules/react-is": {
      "version": "16.13.1",
      "resolved": "https://registry.npmjs.org/react-is/-/react-is-16.13.1.tgz",
      "integrity": "sha512-24e6ynE2H+OKt4kqsOvNd8kBpV65zoxbA4BVsEOB3ARVWQki/DHzaUoC5KuON/BiccDaCCTZBuOcfZs70kR8bQ=="
    },
    "node_modules/tslib": {
      "version": "2.6.0",
      "resolved": "https://registry.npmjs.org/tslib/-/tslib-2.6.0.tgz",
      "integrity": "sha512-7At1WUettjcSRHXCyYtTselblcHl9PJFFVKiCAy/bY97+BPZXSQ2wbq0P9s8tK2G7dFQfNnlJnPAiArVBVBsfA=="
    }
  },
  "dependencies": {
    "@sentry-internal/tracing": {
      "version": "7.59.3",
      "resolved": "https://registry.npmjs.org/@sentry-internal/tracing/-/tracing-7.59.3.tgz",
      "integrity": "sha512-/RkBj/0zQKGsW/UYg6hufrLHHguncLfu4610FCPWpVp0K5Yu5ou8/Aw8D76G3ZxD2TiuSNGwX0o7TYN371ZqTQ==",
      "requires": {
        "@sentry/core": "7.59.3",
        "@sentry/types": "7.59.3",
        "@sentry/utils": "7.59.3",
        "tslib": "^2.4.1 || ^1.9.3"
      }
    },
    "@sentry/browser": {
      "version": "7.59.3",
      "resolved": "https://registry.npmjs.org/@sentry/browser/-/browser-7.59.3.tgz",
      "integrity": "sha512-rTsePz1zEhiouX24TqjzYdY8PsBNU2EGUSHK9jCKml5i/eKTqQabnwdxHgIC4/wcs1nGOabRg/Iel6l4y4mCjA==",
      "requires": {
        "@sentry-internal/tracing": "7.59.3",
        "@sentry/core": "7.59.3",
        "@sentry/replay": "7.59.3",
        "@sentry/types": "7.59.3",
        "@sentry/utils": "7.59.3",
        "tslib": "^2.4.1 || ^1.9.3"
      }
    },
    "@sentry/core": {
      "version": "7.59.3",
      "resolved": "https://registry.npmjs.org/@sentry/core/-/core-7.59.3.tgz",
      "integrity": "sha512-cGBOwT9gziIn50fnlBH1WGQlGcHi7wrbvOCyrex4MxKnn1LSBYWBhwU0ymj8DI/9MyPrGDNGkrgpV0WJWBSClg==",
      "requires": {
        "@sentry/types": "7.59.3",
        "@sentry/utils": "7.59.3",
        "tslib": "^2.4.1 || ^1.9.3"
      }
    },
    "@sentry/react": {
      "version": "7.59.3",
      "resolved": "https://registry.npmjs.org/@sentry/react/-/react-7.59.3.tgz",
      "integrity": "sha512-2TmJ/su8NBQad4PpyJoJ8Er6bzc1jgzgwKSYpI5xHNT6FOFxI4cGIbfrYNqXBjPTvFHwC8WFyN+XZ0K42GFgqQ==",
      "requires": {
        "@sentry/browser": "7.59.3",
        "@sentry/types": "7.59.3",
        "@sentry/utils": "7.59.3",
        "hoist-non-react-statics": "^3.3.2",
        "tslib": "^2.4.1 || ^1.9.3"
      }
    },
    "@sentry/replay": {
      "version": "7.59.3",
      "resolved": "https://registry.npmjs.org/@sentry/replay/-/replay-7.59.3.tgz",
      "integrity": "sha512-o0Z9XD46ua4kex8P2zcahNLARm+joLU6e8bTwjdmfsLS/A2yH1RhJ/VlcAEpPR2IzSYLXz3ApJ/XiqLPTNSu1w==",
      "requires": {
        "@sentry/core": "7.59.3",
        "@sentry/types": "7.59.3",
        "@sentry/utils": "7.59.3"
      }
    },
    "@sentry/tracing": {
      "version": "7.59.3",
      "resolved": "https://registry.npmjs.org/@sentry/tracing/-/tracing-7.59.3.tgz",
      "integrity": "sha512-+gDsfhYdteAR4NyKl3B5JVQs/bXYT73ajoFrlprfDjAJCEVR9W1P4CULavoLtfASxVqBQcZyT87Hsb9/vbn6bg==",
      "requires": {
        "@sentry-internal/tracing": "7.59.3"
      }
    },
    "@sentry/types": {
      "version": "7.59.3",
      "resolved": "https://registry.npmjs.org/@sentry/types/-/types-7.59.3.tgz",
      "integrity": "sha512-HQ/Pd3YHyIa4HM0bGfOsfI4ZF+sLVs6II9VtlS4hsVporm4ETl3Obld5HywO3aVYvWOk5j/bpAW9JYsxXjRG5A=="
    },
    "@sentry/utils": {
      "version": "7.59.3",
      "resolved": "https://registry.npmjs.org/@sentry/utils/-/utils-7.59.3.tgz",
      "integrity": "sha512-Q57xauMKuzd6S+POA1fmulfjzTsb/z118TNAfZZNkHqVB48hHBqgzdhbEBmN4jPCSKV2Cx7VJUoDZxJfzQyLUQ==",
      "requires": {
        "@sentry/types": "7.59.3",
        "tslib": "^2.4.1 || ^1.9.3"
      }
    },
    "hoist-non-react-statics": {
      "version": "3.3.2",
      "resolved": "https://registry.npmjs.org/hoist-non-react-statics/-/hoist-non-react-statics-3.3.2.tgz",
      "integrity": "sha512-/gGivxi8JPKWNm/W0jSmzcMPpfpPLc3dY/6GxhX2hQ9iGj3aDfklV4ET7NjKpSinLpJ5vafa9iiGIEZg10SfBw==",
      "requires": {
        "react-is": "^16.7.0"
      }
    },
    "js-tokens": {
      "version": "4.0.0",
      "resolved": "https://registry.npmjs.org/js-tokens/-/js-tokens-4.0.0.tgz",
      "integrity": "sha512-RdJUflcE3cUzKiMqQgsCu06FPu9UdIJO0beYbPhHN4k6apgJtifcoCtT9bcxOpYBtpD2kCM6Sbzg4CausW/PKQ==",
      "peer": true
    },
    "loose-envify": {
      "version": "1.4.0",
      "resolved": "https://registry.npmjs.org/loose-envify/-/loose-envify-1.4.0.tgz",
      "integrity": "sha512-lyuxPGr/Wfhrlem2CL/UcnUc1zcqKAImBDzukY7Y5F/yQiNdko6+fRLevlw1HgMySw7f611UIY408EtxRSoK3Q==",
      "peer": true,
      "requires": {
        "js-tokens": "^3.0.0 || ^4.0.0"
      }
    },
    "react": {
      "version": "18.2.0",
      "resolved": "https://registry.npmjs.org/react/-/react-18.2.0.tgz",
      "integrity": "sha512-/3IjMdb2L9QbBdWiW5e3P2/npwMBaU9mHCSCUzNln0ZCYbcfTsGbTJrU/kGemdH2IWmB2ioZ+zkxtmq6g09fGQ==",
      "peer": true,
      "requires": {
        "loose-envify": "^1.1.0"
      }
    },
    "react-is": {
      "version": "16.13.1",
      "resolved": "https://registry.npmjs.org/react-is/-/react-is-16.13.1.tgz",
      "integrity": "sha512-24e6ynE2H+OKt4kqsOvNd8kBpV65zoxbA4BVsEOB3ARVWQki/DHzaUoC5KuON/BiccDaCCTZBuOcfZs70kR8bQ=="
    },
    "tslib": {
      "version": "2.6.0",
      "resolved": "https://registry.npmjs.org/tslib/-/tslib-2.6.0.tgz",
      "integrity": "sha512-7At1WUettjcSRHXCyYtTselblcHl9PJFFVKiCAy/bY97+BPZXSQ2wbq0P9s8tK2G7dFQfNnlJnPAiArVBVBsfA=="
    }
  }
}
